
Microsoft Visual Studio Solution File, Format Version 12.00
# Visual Studio Version 17
VisualStudioVersion = 17.9.34622.214
MinimumVisualStudioVersion = 10.0.40219.1
Project("{FAE04EC0-301F-11D3-BF4B-00C04F79EFBC}") = "21.06.2024", "21.06.2024\21.06.2024.csproj", "{3BAE5525-5DE2-4511-AFDF-668D14707425}"
EndProject
Global
	GlobalSection(SolutionConfigurationPlatforms) = preSolution
		Debug|Any CPU = Debug|Any CPU
		Release|Any CPU = Release|Any CPU
	EndGlobalSection
	GlobalSection(ProjectConfigurationPlatforms) = postSolution
		{3BAE5525-5DE2-4511-AFDF-668D14707425}.Debug|Any CPU.ActiveCfg = Debug|Any CPU
		{3BAE5525-5DE2-4511-AFDF-668D14707425}.Debug|Any CPU.Build.0 = Debug|Any CPU
		{3BAE5525-5DE2-4511-AFDF-668D14707425}.Release|Any CPU.ActiveCfg = Release|Any CPU
		{3BAE5525-5DE2-4511-AFDF-668D14707425}.Release|Any CPU.Build.0 = Release|Any CPU
	EndGlobalSection
	GlobalSection(SolutionProperties) = preSolution
		HideSolutionNode = FALSE
	EndGlobalSection
	GlobalSection(ExtensibilityGlobals) = postSolution
		SolutionGuid = {0E242980-FCAD-4F4A-8A4A-C206E00E946D}
	EndGlobalSection
EndGlobal
